
Microsoft Visual Studio Solution File, Format Version 12.00
# Visual Studio Version 17
VisualStudioVersion = 17.13.35825.156 d17.13
MinimumVisualStudioVersion = 10.0.40219.1
Project("{FAE04EC0-301F-11D3-BF4B-00C04F79EFBC}") = "Cliente", "Cliente\Cliente.csproj", "{8A6087A3-52A9-4D9B-84AC-1A56BB2D4478}"
EndProject
Global
	GlobalSection(SolutionConfigurationPlatforms) = preSolution
		Debug|Any CPU = Debug|Any CPU
		Release|Any CPU = Release|Any CPU
	EndGlobalSection
	GlobalSection(ProjectConfigurationPlatforms) = postSolution
		{8A6087A3-52A9-4D9B-84AC-1A56BB2D4478}.Debug|Any CPU.ActiveCfg = Debug|Any CPU
		{8A6087A3-52A9-4D9B-84AC-1A56BB2D4478}.Debug|Any CPU.Build.0 = Debug|Any CPU
		{8A6087A3-52A9-4D9B-84AC-1A56BB2D4478}.Release|Any CPU.ActiveCfg = Release|Any CPU
		{8A6087A3-52A9-4D9B-84AC-1A56BB2D4478}.Release|Any CPU.Build.0 = Release|Any CPU
	EndGlobalSection
	GlobalSection(SolutionProperties) = preSolution
		HideSolutionNode = FALSE
	EndGlobalSection
	GlobalSection(ExtensibilityGlobals) = postSolution
		SolutionGuid = {4AD622B8-BD6F-4867-9C12-B19E25950037}
	EndGlobalSection
EndGlobal
